
Microsoft Visual Studio Solution File, Format Version 12.00
# Visual Studio 2017
Project("{FAE04EC0-301F-11D3-BF4B-00C04F79EFBC}") = "Super Urio Sunshine.Plugins", "Super Urio Sunshine.Plugins.csproj", "{C199B3DE-195E-F22D-E345-C2464E2AF116}"
EndProject
Project("{FAE04EC0-301F-11D3-BF4B-00C04F79EFBC}") = "Super Urio Sunshine", "Super Urio Sunshine.csproj", "{00B8F0C4-ABC6-C1FA-7D08-510EF149EC39}"
EndProject
Project("{FAE04EC0-301F-11D3-BF4B-00C04F79EFBC}") = "Super Urio Sunshine.Editor", "Super Urio Sunshine.Editor.csproj", "{D512985F-D908-BD27-A326-BD56D1796859}"
EndProject
Global
	GlobalSection(SolutionConfigurationPlatforms) = preSolution
		Debug|Any CPU = Debug|Any CPU
		Release|Any CPU = Release|Any CPU
	EndGlobalSection
	GlobalSection(ProjectConfigurationPlatforms) = postSolution
		{C199B3DE-195E-F22D-E345-C2464E2AF116}.Debug|Any CPU.ActiveCfg = Debug|Any CPU
		{C199B3DE-195E-F22D-E345-C2464E2AF116}.Debug|Any CPU.Build.0 = Debug|Any CPU
		{C199B3DE-195E-F22D-E345-C2464E2AF116}.Release|Any CPU.ActiveCfg = Release|Any CPU
		{C199B3DE-195E-F22D-E345-C2464E2AF116}.Release|Any CPU.Build.0 = Release|Any CPU
		{00B8F0C4-ABC6-C1FA-7D08-510EF149EC39}.Debug|Any CPU.ActiveCfg = Debug|Any CPU
		{00B8F0C4-ABC6-C1FA-7D08-510EF149EC39}.Debug|Any CPU.Build.0 = Debug|Any CPU
		{00B8F0C4-ABC6-C1FA-7D08-510EF149EC39}.Release|Any CPU.ActiveCfg = Release|Any CPU
		{00B8F0C4-ABC6-C1FA-7D08-510EF149EC39}.Release|Any CPU.Build.0 = Release|Any CPU
		{D512985F-D908-BD27-A326-BD56D1796859}.Debug|Any CPU.ActiveCfg = Debug|Any CPU
		{D512985F-D908-BD27-A326-BD56D1796859}.Debug|Any CPU.Build.0 = Debug|Any CPU
		{D512985F-D908-BD27-A326-BD56D1796859}.Release|Any CPU.ActiveCfg = Release|Any CPU
		{D512985F-D908-BD27-A326-BD56D1796859}.Release|Any CPU.Build.0 = Release|Any CPU
	EndGlobalSection
	GlobalSection(SolutionProperties) = preSolution
		HideSolutionNode = FALSE
	EndGlobalSection
EndGlobal
